Microsoft Visual Studio Solution File, Format Version 12.00
# Visual Studio Version 17
VisualStudioVersion = 17.5.2.0
MinimumVisualStudioVersion = 10.0.40219.1
Project("{FAE04EC0-301F-11D3-BF4B-00C04F79EFBC}") = "RecadastramentoApi", "RecadastramentoApi\RecadastramentoApi.csproj", "{2F38023E-B2ED-C740-0806-CA8F2FAA3C47}"
EndProject
Global
	GlobalSection(SolutionConfigurationPlatforms) = preSolution
		Debug|Any CPU = Debug|Any CPU
		Release|Any CPU = Release|Any CPU
	EndGlobalSection
	GlobalSection(ProjectConfigurationPlatforms) = postSolution
		{2F38023E-B2ED-C740-0806-CA8F2FAA3C47}.Debug|Any CPU.ActiveCfg = Debug|Any CPU
		{2F38023E-B2ED-C740-0806-CA8F2FAA3C47}.Debug|Any CPU.Build.0 = Debug|Any CPU
		{2F38023E-B2ED-C740-0806-CA8F2FAA3C47}.Release|Any CPU.ActiveCfg = Release|Any CPU
		{2F38023E-B2ED-C740-0806-CA8F2FAA3C47}.Release|Any CPU.Build.0 = Release|Any CPU
	EndGlobalSection
	GlobalSection(SolutionProperties) = preSolution
		HideSolutionNode = FALSE
	EndGlobalSection
	GlobalSection(ExtensibilityGlobals) = postSolution
		SolutionGuid = {6F675420-38E7-4B14-9AC5-ACC5F80EEEC7}
	EndGlobalSection
EndGlobal
